// !$*UTF8*$!
{
	archiveVersion = 1;
	classes = {
	};
	objectVersion = 56;
	objects = {

/* Begin PBXBuildFile section */
		4B7861CD2AD9A2390094737B /* BikeUIApp.swift in Sources */ = {isa = PBXBuildFile; fileRef = 4B7861CC2AD9A2390094737B /* BikeUIApp.swift */; };
		4B7861CF2AD9A2390094737B /* HomeView.swift in Sources */ = {isa = PBXBuildFile; fileRef = 4B7861CE2AD9A2390094737B /* HomeView.swift */; };
		4B7861D12AD9A23B0094737B /* Assets.xcassets in Resources */ = {isa = PBXBuildFile; fileRef = 4B7861D02AD9A23B0094737B /* Assets.xcassets */; };
		4B7861D42AD9A23B0094737B /* Preview Assets.xcassets in Resources */ = {isa = PBXBuildFile; fileRef = 4B7861D32AD9A23B0094737B /* Preview Assets.xcassets */; };
		4B7861E32AD9B1610094737B /* Color.swift in Sources */ = {isa = PBXBuildFile; fileRef = 4B7861E22AD9B1610094737B /* Color.swift */; };
		4B7861ED2AD9BD160094737B /* Poppins-Medium.ttf in Resources */ = {isa = PBXBuildFile; fileRef = 4B7861E42AD9BD150094737B /* Poppins-Medium.ttf */; };
		4B7861EE2AD9BD160094737B /* Poppins-Light.ttf in Resources */ = {isa = PBXBuildFile; fileRef = 4B7861E52AD9BD160094737B /* Poppins-Light.ttf */; };
		4B7861EF2AD9BD160094737B /* Poppins-Bold.ttf in Resources */ = {isa = PBXBuildFile; fileRef = 4B7861E62AD9BD160094737B /* Poppins-Bold.ttf */; };
		4B7861F02AD9BD160094737B /* Poppins-SemiBold.ttf in Resources */ = {isa = PBXBuildFile; fileRef = 4B7861E72AD9BD160094737B /* Poppins-SemiBold.ttf */; };
		4B7861F12AD9BD160094737B /* Poppins-Regular.ttf in Resources */ = {isa = PBXBuildFile; fileRef = 4B7861E82AD9BD160094737B /* Poppins-Regular.ttf */; };
		4B7861F22AD9BD160094737B /* Poppins-ExtraLight.ttf in Resources */ = {isa = PBXBuildFile; fileRef = 4B7861E92AD9BD160094737B /* Poppins-ExtraLight.ttf */; };
		4B7861F32AD9BD160094737B /* Poppins-Thin.ttf in Resources */ = {isa = PBXBuildFile; fileRef = 4B7861EA2AD9BD160094737B /* Poppins-Thin.ttf */; };
		4B7861F42AD9BD160094737B /* Poppins-ExtraBold.ttf in Resources */ = {isa = PBXBuildFile; fileRef = 4B7861EB2AD9BD160094737B /* Poppins-ExtraBold.ttf */; };
		4B7861F52AD9BD160094737B /* Poppins-Black.ttf in Resources */ = {isa = PBXBuildFile; fileRef = 4B7861EC2AD9BD160094737B /* Poppins-Black.ttf */; };
		4B7861F92AD9BE280094737B /* Font.swift in Sources */ = {isa = PBXBuildFile; fileRef = 4B7861F82AD9BE280094737B /* Font.swift */; };
		4B7861FC2AD9C2BB0094737B /* SquareButtonWithIcon.swift in Sources */ = {isa = PBXBuildFile; fileRef = 4B7861FB2AD9C2BB0094737B /* SquareButtonWithIcon.swift */; };
		4B8537D52ADC6CDF0063A2A7 /* CardItem.swift in Sources */ = {isa = PBXBuildFile; fileRef = 4B8537D42ADC6CDF0063A2A7 /* CardItem.swift */; };
		4B8537D72ADC79230063A2A7 /* Item.swift in Sources */ = {isa = PBXBuildFile; fileRef = 4B8537D62ADC79230063A2A7 /* Item.swift */; };
		4B8537D92ADC7DD60063A2A7 /* Double.swift in Sources */ = {isa = PBXBuildFile; fileRef = 4B8537D82ADC7DD60063A2A7 /* Double.swift */; };
/* End PBXBuildFile section */

/* Begin PBXFileReference section */
		4B7861C92AD9A2390094737B /* BikeUI.app */ = {isa = PBXFileReference; explicitFileType = wrapper.application; includeInIndex = 0; path = BikeUI.app; sourceTree = BUILT_PRODUCTS_DIR; };
		4B7861CC2AD9A2390094737B /* BikeUIApp.swift */ = {isa = PBXFileReference; lastKnownFileType = sourcecode.swift; path = BikeUIApp.swift; sourceTree = "<group>"; };
		4B7861CE2AD9A2390094737B /* HomeView.swift */ = {isa = PBXFileReference; lastKnownFileType = sourcecode.swift; path = HomeView.swift; sourceTree = "<group>"; };
		4B7861D02AD9A23B0094737B /* Assets.xcassets */ = {isa = PBXFileReference; lastKnownFileType = folder.assetcatalog; path = Assets.xcassets; sourceTree = "<group>"; };
		4B7861D32AD9A23B0094737B /* Preview Assets.xcassets */ = {isa = PBXFileReference; lastKnownFileType = folder.assetcatalog; path = "Preview Assets.xcassets"; sourceTree = "<group>"; };
		4B7861E22AD9B1610094737B /* Color.swift */ = {isa = PBXFileReference; lastKnownFileType = sourcecode.swift; path = Color.swift; sourceTree = "<group>"; };
		4B7861E42AD9BD150094737B /* Poppins-Medium.ttf */ = {isa = PBXFileReference; lastKnownFileType = file; path = "Poppins-Medium.ttf"; sourceTree = "<group>"; };
		4B7861E52AD9BD160094737B /* Poppins-Light.ttf */ = {isa = PBXFileReference; lastKnownFileType = file; path = "Poppins-Light.ttf"; sourceTree = "<group>"; };
		4B7861E62AD9BD160094737B /* Poppins-Bold.ttf */ = {isa = PBXFileReference; lastKnownFileType = file; path = "Poppins-Bold.ttf"; sourceTree = "<group>"; };
		4B7861E72AD9BD160094737B /* Poppins-SemiBold.ttf */ = {isa = PBXFileReference; lastKnownFileType = file; path = "Poppins-SemiBold.ttf"; sourceTree = "<group>"; };
		4B7861E82AD9BD160094737B /* Poppins-Regular.ttf */ = {isa = PBXFileReference; lastKnownFileType = file; path = "Poppins-Regular.ttf"; sourceTree = "<group>"; };
		4B7861E92AD9BD160094737B /* Poppins-ExtraLight.ttf */ = {isa = PBXFileReference; lastKnownFileType = file; path = "Poppins-ExtraLight.ttf"; sourceTree = "<group>"; };
		4B7861EA2AD9BD160094737B /* Poppins-Thin.ttf */ = {isa = PBXFileReference; lastKnownFileType = file; path = "Poppins-Thin.ttf"; sourceTree = "<group>"; };
		4B7861EB2AD9BD160094737B /* Poppins-ExtraBold.ttf */ = {isa = PBXFileReference; lastKnownFileType = file; path = "Poppins-ExtraBold.ttf"; sourceTree = "<group>"; };
		4B7861EC2AD9BD160094737B /* Poppins-Black.ttf */ = {isa = PBXFileReference; lastKnownFileType = file; path = "Poppins-Black.ttf"; sourceTree = "<group>"; };
		4B7861F72AD9BD550094737B /* Info.plist */ = {isa = PBXFileReference; lastKnownFileType = text.plist; path = Info.plist; sourceTree = "<group>"; };
		4B7861F82AD9BE280094737B /* Font.swift */ = {isa = PBXFileReference; lastKnownFileType = sourcecode.swift; path = Font.swift; sourceTree = "<group>"; };
		4B7861FB2AD9C2BB0094737B /* SquareButtonWithIcon.swift */ = {isa = PBXFileReference; lastKnownFileType = sourcecode.swift; path = SquareButtonWithIcon.swift; sourceTree = "<group>"; };
		4B8537D42ADC6CDF0063A2A7 /* CardItem.swift */ = {isa = PBXFileReference; lastKnownFileType = sourcecode.swift; path = CardItem.swift; sourceTree = "<group>"; };
		4B8537D62ADC79230063A2A7 /* Item.swift */ = {isa = PBXFileReference; lastKnownFileType = sourcecode.swift; path = Item.swift; sourceTree = "<group>"; };
		4B8537D82ADC7DD60063A2A7 /* Double.swift */ = {isa = PBXFileReference; lastKnownFileType = sourcecode.swift; path = Double.swift; sourceTree = "<group>"; };
/* End PBXFileReference section */

/* Begin PBXFrameworksBuildPhase section */
		4B7861C62AD9A2390094737B /* Frameworks */ = {
			isa = PBXFrameworksBuildPhase;
			buildActionMask = 2147483647;
			files = (
			);
			runOnlyForDeploymentPostprocessing = 0;
		};
/* End PBXFrameworksBuildPhase section */

/* Begin PBXGroup section */
		4B7861C02AD9A2390094737B = {
			isa = PBXGroup;
			children = (
				4B7861CB2AD9A2390094737B /* BikeUI */,
				4B7861CA2AD9A2390094737B /* Products */,
			);
			sourceTree = "<group>";
		};
		4B7861CA2AD9A2390094737B /* Products */ = {
			isa = PBXGroup;
			children = (
				4B7861C92AD9A2390094737B /* BikeUI.app */,
			);
			name = Products;
			sourceTree = "<group>";
		};
		4B7861CB2AD9A2390094737B /* BikeUI */ = {
			isa = PBXGroup;
			children = (
				4B7861F72AD9BD550094737B /* Info.plist */,
				4B7861DD2AD9B0A50094737B /* App */,
				4B7861D02AD9A23B0094737B /* Assets.xcassets */,
				4B7861DC2AD9B0A00094737B /* Core */,
				4B7861F62AD9BD1B0094737B /* Fonts */,
				4B7861DB2AD9B0980094737B /* Extensions */,
				4B7861DA2AD9B08C0094737B /* Model */,
				4B7861D22AD9A23B0094737B /* Preview Content */,
			);
			path = BikeUI;
			sourceTree = "<group>";
		};
		4B7861D22AD9A23B0094737B /* Preview Content */ = {
			isa = PBXGroup;
			children = (
				4B7861D32AD9A23B0094737B /* Preview Assets.xcassets */,
			);
			path = "Preview Content";
			sourceTree = "<group>";
		};
		4B7861DA2AD9B08C0094737B /* Model */ = {
			isa = PBXGroup;
			children = (
				4B8537D62ADC79230063A2A7 /* Item.swift */,
			);
			path = Model;
			sourceTree = "<group>";
		};
		4B7861DB2AD9B0980094737B /* Extensions */ = {
			isa = PBXGroup;
			children = (
				4B7861E22AD9B1610094737B /* Color.swift */,
				4B8537D82ADC7DD60063A2A7 /* Double.swift */,
				4B7861F82AD9BE280094737B /* Font.swift */,
			);
			path = Extensions;
			sourceTree = "<group>";
		};
		4B7861DC2AD9B0A00094737B /* Core */ = {
			isa = PBXGroup;
			children = (
				4B7861FA2AD9C29E0094737B /* Components */,
				4B7861DE2AD9B0B10094737B /* Home */,
				4B7861DF2AD9B0BF0094737B /* ProductDetail */,
				4B7861E02AD9B0CB0094737B /* ShoppingCart */,
			);
			path = Core;
			sourceTree = "<group>";
		};
		4B7861DD2AD9B0A50094737B /* App */ = {
			isa = PBXGroup;
			children = (
				4B7861CC2AD9A2390094737B /* BikeUIApp.swift */,
			);
			path = App;
			sourceTree = "<group>";
		};
		4B7861DE2AD9B0B10094737B /* Home */ = {
			isa = PBXGroup;
			children = (
				4B7861E12AD9B0D90094737B /* View */,
			);
			path = Home;
			sourceTree = "<group>";
		};
		4B7861DF2AD9B0BF0094737B /* ProductDetail */ = {
			isa = PBXGroup;
			children = (
			);
			path = ProductDetail;
			sourceTree = "<group>";
		};
		4B7861E02AD9B0CB0094737B /* ShoppingCart */ = {
			isa = PBXGroup;
			children = (
			);
			path = ShoppingCart;
			sourceTree = "<group>";
		};
		4B7861E12AD9B0D90094737B /* View */ = {
			isa = PBXGroup;
			children = (
				4B8537D32ADC6CCA0063A2A7 /* Components */,
				4B7861CE2AD9A2390094737B /* HomeView.swift */,
			);
			path = View;
			sourceTree = "<group>";
		};
		4B7861F62AD9BD1B0094737B /* Fonts */ = {
			isa = PBXGroup;
			children = (
				4B7861EC2AD9BD160094737B /* Poppins-Black.ttf */,
				4B7861E62AD9BD160094737B /* Poppins-Bold.ttf */,
				4B7861EB2AD9BD160094737B /* Poppins-ExtraBold.ttf */,
				4B7861E92AD9BD160094737B /* Poppins-ExtraLight.ttf */,
				4B7861E52AD9BD160094737B /* Poppins-Light.ttf */,
				4B7861E42AD9BD150094737B /* Poppins-Medium.ttf */,
				4B7861E82AD9BD160094737B /* Poppins-Regular.ttf */,
				4B7861E72AD9BD160094737B /* Poppins-SemiBold.ttf */,
				4B7861EA2AD9BD160094737B /* Poppins-Thin.ttf */,
			);
			path = Fonts;
			sourceTree = "<group>";
		};
		4B7861FA2AD9C29E0094737B /* Components */ = {
			isa = PBXGroup;
			children = (
				4B7861FB2AD9C2BB0094737B /* SquareButtonWithIcon.swift */,
			);
			path = Components;
			sourceTree = "<group>";
		};
		4B8537D32ADC6CCA0063A2A7 /* Components */ = {
			isa = PBXGroup;
			children = (
				4B8537D42ADC6CDF0063A2A7 /* CardItem.swift */,
			);
			path = Components;
			sourceTree = "<group>";
		};
/* End PBXGroup section */

/* Begin PBXNativeTarget section */
		4B7861C82AD9A2390094737B /* BikeUI */ = {
			isa = PBXNativeTarget;
			buildConfigurationList = 4B7861D72AD9A23B0094737B /* Build configuration list for PBXNativeTarget "BikeUI" */;
			buildPhases = (
				4B7861C52AD9A2390094737B /* Sources */,
				4B7861C62AD9A2390094737B /* Frameworks */,
				4B7861C72AD9A2390094737B /* Resources */,
			);
			buildRules = (
			);
			dependencies = (
			);
			name = BikeUI;
			productName = BikeUI;
			productReference = 4B7861C92AD9A2390094737B /* BikeUI.app */;
			productType = "com.apple.product-type.application";
		};
/* End PBXNativeTarget section */

/* Begin PBXProject section */
		4B7861C12AD9A2390094737B /* Project object */ = {
			isa = PBXProject;
			attributes = {
				BuildIndependentTargetsInParallel = 1;
				LastSwiftUpdateCheck = 1500;
				LastUpgradeCheck = 1500;
				TargetAttributes = {
					4B7861C82AD9A2390094737B = {
						CreatedOnToolsVersion = 15.0;
					};
				};
			};
			buildConfigurationList = 4B7861C42AD9A2390094737B /* Build configuration list for PBXProject "BikeUI" */;
			compatibilityVersion = "Xcode 14.0";
			developmentRegion = en;
			hasScannedForEncodings = 0;
			knownRegions = (
				en,
				Base,
			);
			mainGroup = 4B7861C02AD9A2390094737B;
			productRefGroup = 4B7861CA2AD9A2390094737B /* Products */;
			projectDirPath = "";
			projectRoot = "";
			targets = (
				4B7861C82AD9A2390094737B /* BikeUI */,
			);
		};
/* End PBXProject section */

/* Begin PBXResourcesBuildPhase section */
		4B7861C72AD9A2390094737B /* Resources */ = {
			isa = PBXResourcesBuildPhase;
			buildActionMask = 2147483647;
			files = (
				4B7861ED2AD9BD160094737B /* Poppins-Medium.ttf in Resources */,
				4B7861D42AD9A23B0094737B /* Preview Assets.xcassets in Resources */,
				4B7861F12AD9BD160094737B /* Poppins-Regular.ttf in Resources */,
				4B7861F32AD9BD160094737B /* Poppins-Thin.ttf in Resources */,
				4B7861EF2AD9BD160094737B /* Poppins-Bold.ttf in Resources */,
				4B7861F22AD9BD160094737B /* Poppins-ExtraLight.ttf in Resources */,
				4B7861F42AD9BD160094737B /* Poppins-ExtraBold.ttf in Resources */,
				4B7861F02AD9BD160094737B /* Poppins-SemiBold.ttf in Resources */,
				4B7861F52AD9BD160094737B /* Poppins-Black.ttf in Resources */,
				4B7861D12AD9A23B0094737B /* Assets.xcassets in Resources */,
				4B7861EE2AD9BD160094737B /* Poppins-Light.ttf in Resources */,
			);
			runOnlyForDeploymentPostprocessing = 0;
		};
/* End PBXResourcesBuildPhase section */

/* Begin PBXSourcesBuildPhase section */
		4B7861C52AD9A2390094737B /* Sources */ = {
			isa = PBXSourcesBuildPhase;
			buildActionMask = 2147483647;
			files = (
				4B7861F92AD9BE280094737B /* Font.swift in Sources */,
				4B7861CF2AD9A2390094737B /* HomeView.swift in Sources */,
				4B8537D92ADC7DD60063A2A7 /* Double.swift in Sources */,
				4B8537D52ADC6CDF0063A2A7 /* CardItem.swift in Sources */,
				4B7861CD2AD9A2390094737B /* BikeUIApp.swift in Sources */,
				4B8537D72ADC79230063A2A7 /* Item.swift in Sources */,
				4B7861FC2AD9C2BB0094737B /* SquareButtonWithIcon.swift in Sources */,
				4B7861E32AD9B1610094737B /* Color.swift in Sources */,
			);
			runOnlyForDeploymentPostprocessing = 0;
		};
/* End PBXSourcesBuildPhase section */

/* Begin XCBuildConfiguration section */
		4B7861D52AD9A23B0094737B /* Debug */ = {
			isa = XCBuildConfiguration;
			buildSettings = {
				ALWAYS_SEARCH_USER_PATHS = NO;
				ASSETCATALOG_COMPILER_GENERATE_SWIFT_ASSET_SYMBOL_EXTENSIONS = YES;
				CLANG_ANALYZER_NONNULL = YES;
				CLANG_ANALYZER_NUMBER_OBJECT_CONVERSION = YES_AGGRESSIVE;
				CLANG_CXX_LANGUAGE_STANDARD = "gnu++20";
				CLANG_ENABLE_MODULES = YES;
				CLANG_ENABLE_OBJC_ARC = YES;
				CLANG_ENABLE_OBJC_WEAK = YES;
				CLANG_WARN_BLOCK_CAPTURE_AUTORELEASING = YES;
				CLANG_WARN_BOOL_CONVERSION = YES;
				CLANG_WARN_COMMA = YES;
				CLANG_WARN_CONSTANT_CONVERSION = YES;
				CLANG_WARN_DEPRECATED_OBJC_IMPLEMENTATIONS = YES;
				CLANG_WARN_DIRECT_OBJC_ISA_USAGE = YES_ERROR;
				CLANG_WARN_DOCUMENTATION_COMMENTS = YES;
				CLANG_WARN_EMPTY_BODY = YES;
				CLANG_WARN_ENUM_CONVERSION = YES;
				CLANG_WARN_INFINITE_RECURSION = YES;
				CLANG_WARN_INT_CONVERSION = YES;
				CLANG_WARN_NON_LITERAL_NULL_CONVERSION = YES;
				CLANG_WARN_OBJC_IMPLICIT_RETAIN_SELF = YES;
				CLANG_WARN_OBJC_LITERAL_CONVERSION = YES;
				CLANG_WARN_OBJC_ROOT_CLASS = YES_ERROR;
				CLANG_WARN_QUOTED_INCLUDE_IN_FRAMEWORK_HEADER = YES;
				CLANG_WARN_RANGE_LOOP_ANALYSIS = YES;
				CLANG_WARN_STRICT_PROTOTYPES = YES;
				CLANG_WARN_SUSPICIOUS_MOVE = YES;
				CLANG_WARN_UNGUARDED_AVAILABILITY = YES_AGGRESSIVE;
				CLANG_WARN_UNREACHABLE_CODE = YES;
				CLANG_WARN__DUPLICATE_METHOD_MATCH = YES;
				COPY_PHASE_STRIP = NO;
				DEBUG_INFORMATION_FORMAT = dwarf;
				ENABLE_STRICT_OBJC_MSGSEND = YES;
				ENABLE_TESTABILITY = YES;
				ENABLE_USER_SCRIPT_SANDBOXING = YES;
				GCC_C_LANGUAGE_STANDARD = gnu17;
				GCC_DYNAMIC_NO_PIC = NO;
				GCC_NO_COMMON_BLOCKS = YES;
				GCC_OPTIMIZATION_LEVEL = 0;
				GCC_PREPROCESSOR_DEFINITIONS = (
					"DEBUG=1",
					"$(inherited)",
				);
				GCC_WARN_64_TO_32_BIT_CONVERSION = YES;
				GCC_WARN_ABOUT_RETURN_TYPE = YES_ERROR;
				GCC_WARN_UNDECLARED_SELECTOR = YES;
				GCC_WARN_UNINITIALIZED_AUTOS = YES_AGGRESSIVE;
				GCC_WARN_UNUSED_FUNCTION = YES;
				GCC_WARN_UNUSED_VARIABLE = YES;
				IPHONEOS_DEPLOYMENT_TARGET = 17.0;
				LOCALIZATION_PREFERS_STRING_CATALOGS = YES;
				MTL_ENABLE_DEBUG_INFO = INCLUDE_SOURCE;
				MTL_FAST_MATH = YES;
				ONLY_ACTIVE_ARCH = YES;
				SDKROOT = iphoneos;
				SWIFT_ACTIVE_COMPILATION_CONDITIONS = "DEBUG $(inherited)";
				SWIFT_OPTIMIZATION_LEVEL = "-Onone";
			};
			name = Debug;
		};
		4B7861D62AD9A23B0094737B /* Release */ = {
			isa = XCBuildConfiguration;
			buildSettings = {
				ALWAYS_SEARCH_USER_PATHS = NO;
				ASSETCATALOG_COMPILER_GENERATE_SWIFT_ASSET_SYMBOL_EXTENSIONS = YES;
				CLANG_ANALYZER_NONNULL = YES;
				CLANG_ANALYZER_NUMBER_OBJECT_CONVERSION = YES_AGGRESSIVE;
				CLANG_CXX_LANGUAGE_STANDARD = "gnu++20";
				CLANG_ENABLE_MODULES = YES;
				CLANG_ENABLE_OBJC_ARC = YES;
				CLANG_ENABLE_OBJC_WEAK = YES;
				CLANG_WARN_BLOCK_CAPTURE_AUTORELEASING = YES;
				CLANG_WARN_BOOL_CONVERSION = YES;
				CLANG_WARN_COMMA = YES;
				CLANG_WARN_CONSTANT_CONVERSION = YES;
				CLANG_WARN_DEPRECATED_OBJC_IMPLEMENTATIONS = YES;
				CLANG_WARN_DIRECT_OBJC_ISA_USAGE = YES_ERROR;
				CLANG_WARN_DOCUMENTATION_COMMENTS = YES;
				CLANG_WARN_EMPTY_BODY = YES;
				CLANG_WARN_ENUM_CONVERSION = YES;
				CLANG_WARN_INFINITE_RECURSION = YES;
				CLANG_WARN_INT_CONVERSION = YES;
				CLANG_WARN_NON_LITERAL_NULL_CONVERSION = YES;
				CLANG_WARN_OBJC_IMPLICIT_RETAIN_SELF = YES;
				CLANG_WARN_OBJC_LITERAL_CONVERSION = YES;
				CLANG_WARN_OBJC_ROOT_CLASS = YES_ERROR;
				CLANG_WARN_QUOTED_INCLUDE_IN_FRAMEWORK_HEADER = YES;
				CLANG_WARN_RANGE_LOOP_ANALYSIS = YES;
				CLANG_WARN_STRICT_PROTOTYPES = YES;
				CLANG_WARN_SUSPICIOUS_MOVE = YES;
				CLANG_WARN_UNGUARDED_AVAILABILITY = YES_AGGRESSIVE;
				CLANG_WARN_UNREACHABLE_CODE = YES;
				CLANG_WARN__DUPLICATE_METHOD_MATCH = YES;
				COPY_PHASE_STRIP = NO;
				DEBUG_INFORMATION_FORMAT = "dwarf-with-dsym";
				ENABLE_NS_ASSERTIONS = NO;
				ENABLE_STRICT_OBJC_MSGSEND = YES;
				ENABLE_USER_SCRIPT_SANDBOXING = YES;
				GCC_C_LANGUAGE_STANDARD = gnu17;
				GCC_NO_COMMON_BLOCKS = YES;
				GCC_WARN_64_TO_32_BIT_CONVERSION = YES;
				GCC_WARN_ABOUT_RETURN_TYPE = YES_ERROR;
				GCC_WARN_UNDECLARED_SELECTOR = YES;
				GCC_WARN_UNINITIALIZED_AUTOS = YES_AGGRESSIVE;
				GCC_WARN_UNUSED_FUNCTION = YES;
				GCC_WARN_UNUSED_VARIABLE = YES;
				IPHONEOS_DEPLOYMENT_TARGET = 17.0;
				LOCALIZATION_PREFERS_STRING_CATALOGS = YES;
				MTL_ENABLE_DEBUG_INFO = NO;
				MTL_FAST_MATH = YES;
				SDKROOT = iphoneos;
				SWIFT_COMPILATION_MODE = wholemodule;
				VALIDATE_PRODUCT = YES;
			};
			name = Release;
		};
		4B7861D82AD9A23B0094737B /* Debug */ = {
			isa = XCBuildConfiguration;
			buildSettings = {
				ASSETCATALOG_COMPILER_APPICON_NAME = AppIcon;
				ASSETCATALOG_COMPILER_GLOBAL_ACCENT_COLOR_NAME = AccentColor;
				CODE_SIGN_STYLE = Automatic;
				CURRENT_PROJECT_VERSION = 1;
				DEVELOPMENT_ASSET_PATHS = "\"BikeUI/Preview Content\"";
				DEVELOPMENT_TEAM = 3RQAYNAD56;
				ENABLE_PREVIEWS = YES;
				GENERATE_INFOPLIST_FILE = YES;
				INFOPLIST_FILE = BikeUI/Info.plist;
				INFOPLIST_KEY_UIApplicationSceneManifest_Generation = YES;
				INFOPLIST_KEY_UIApplicationSupportsIndirectInputEvents = YES;
				INFOPLIST_KEY_UILaunchScreen_Generation = YES;
				INFOPLIST_KEY_UISupportedInterfaceOrientations_iPad = "UIInterfaceOrientationPortrait UIInterfaceOrientationPortraitUpsideDown UIInterfaceOrientationLandscapeLeft UIInterfaceOrientationLandscapeRight";
				INFOPLIST_KEY_UISupportedInterfaceOrientations_iPhone = "UIInterfaceOrientationPortrait UIInterfaceOrientationLandscapeLeft UIInterfaceOrientationLandscapeRight";
				LD_RUNPATH_SEARCH_PATHS = (
					"$(inherited)",
					"@executable_path/Frameworks",
				);
				MARKETING_VERSION = 1.0;
				PRODUCT_BUNDLE_IDENTIFIER = com.bsc.BikeUI;
				PRODUCT_NAME = "$(TARGET_NAME)";
				SWIFT_EMIT_LOC_STRINGS = YES;
				SWIFT_VERSION = 5.0;
				TARGETED_DEVICE_FAMILY = "1,2";
			};
			name = Debug;
		};
		4B7861D92AD9A23B0094737B /* Release */ = {
			isa = XCBuildConfiguration;
			buildSettings = {
				ASSETCATALOG_COMPILER_APPICON_NAME = AppIcon;
				ASSETCATALOG_COMPILER_GLOBAL_ACCENT_COLOR_NAME = AccentColor;
				CODE_SIGN_STYLE = Automatic;
				CURRENT_PROJECT_VERSION = 1;
				DEVELOPMENT_ASSET_PATHS = "\"BikeUI/Preview Content\"";
				DEVELOPMENT_TEAM = 3RQAYNAD56;
				ENABLE_PREVIEWS = YES;
				GENERATE_INFOPLIST_FILE = YES;
				INFOPLIST_FILE = BikeUI/Info.plist;
				INFOPLIST_KEY_UIApplicationSceneManifest_Generation = YES;
				INFOPLIST_KEY_UIApplicationSupportsIndirectInputEvents = YES;
				INFOPLIST_KEY_UILaunchScreen_Generation = YES;
				INFOPLIST_KEY_UISupportedInterfaceOrientations_iPad = "UIInterfaceOrientationPortrait UIInterfaceOrientationPortraitUpsideDown UIInterfaceOrientationLandscapeLeft UIInterfaceOrientationLandscapeRight";
				INFOPLIST_KEY_UISupportedInterfaceOrientations_iPhone = "UIInterfaceOrientationPortrait UIInterfaceOrientationLandscapeLeft UIInterfaceOrientationLandscapeRight";
				LD_RUNPATH_SEARCH_PATHS = (
					"$(inherited)",
					"@executable_path/Frameworks",
				);
				MARKETING_VERSION = 1.0;
				PRODUCT_BUNDLE_IDENTIFIER = com.bsc.BikeUI;
				PRODUCT_NAME = "$(TARGET_NAME)";
				SWIFT_EMIT_LOC_STRINGS = YES;
				SWIFT_VERSION = 5.0;
				TARGETED_DEVICE_FAMILY = "1,2";
			};
			name = Release;
		};
/* End XCBuildConfiguration section */

/* Begin XCConfigurationList section */
		4B7861C42AD9A2390094737B /* Build configuration list for PBXProject "BikeUI" */ = {
			isa = XCConfigurationList;
			buildConfigurations = (
				4B7861D52AD9A23B0094737B /* Debug */,
				4B7861D62AD9A23B0094737B /* Release */,
			);
			defaultConfigurationIsVisible = 0;
			defaultConfigurationName = Release;
		};
		4B7861D72AD9A23B0094737B /* Build configuration list for PBXNativeTarget "BikeUI" */ = {
			isa = XCConfigurationList;
			buildConfigurations = (
				4B7861D82AD9A23B0094737B /* Debug */,
				4B7861D92AD9A23B0094737B /* Release */,
			);
			defaultConfigurationIsVisible = 0;
			defaultConfigurationName = Release;
		};
/* End XCConfigurationList section */
	};
	rootObject = 4B7861C12AD9A2390094737B /* Project object */;
}
